
Microsoft Visual Studio Solution File, Format Version 12.00
# Visual Studio Version 17
VisualStudioVersion = 17.10.34916.146
MinimumVisualStudioVersion = 10.0.40219.1
Project("{FAE04EC0-301F-11D3-BF4B-00C04F79EFBC}") = "Reports", "Reports\Reports.csproj", "{33A21658-3598-480E-9760-BF2DF6322BDA}"
EndProject
Project("{9A19103F-16F7-4668-BE54-9A1E7A4F7556}") = "Models", "..\Models\Models\Models.csproj", "{274AE3E8-1225-43A7-9C44-B2A680214EF1}"
EndProject
Project("{FAE04EC0-301F-11D3-BF4B-00C04F79EFBC}") = "Controllers", "Controllers\Controllers.csproj", "{CC52C5DD-729D-4992-A82C-7128FE9EA4C4}"
EndProject
Project("{FAE04EC0-301F-11D3-BF4B-00C04F79EFBC}") = "Repositories", "Repositories\Repositories.csproj", "{1EF6EE8A-EADA-4BEE-BAC6-5523F7B7A1FC}"
EndProject
Project("{FAE04EC0-301F-11D3-BF4B-00C04F79EFBC}") = "Services", "Services\Services.csproj", "{5771FEBC-B55D-4AB6-9AD1-3E2CA51092CA}"
EndProject
Global
	GlobalSection(SolutionConfigurationPlatforms) = preSolution
		Debug|Any CPU = Debug|Any CPU
		Release|Any CPU = Release|Any CPU
	EndGlobalSection
	GlobalSection(ProjectConfigurationPlatforms) = postSolution
		{33A21658-3598-480E-9760-BF2DF6322BDA}.Debug|Any CPU.ActiveCfg = Debug|Any CPU
		{33A21658-3598-480E-9760-BF2DF6322BDA}.Debug|Any CPU.Build.0 = Debug|Any CPU
		{33A21658-3598-480E-9760-BF2DF6322BDA}.Release|Any CPU.ActiveCfg = Release|Any CPU
		{33A21658-3598-480E-9760-BF2DF6322BDA}.Release|Any CPU.Build.0 = Release|Any CPU
		{274AE3E8-1225-43A7-9C44-B2A680214EF1}.Debug|Any CPU.ActiveCfg = Debug|Any CPU
		{274AE3E8-1225-43A7-9C44-B2A680214EF1}.Debug|Any CPU.Build.0 = Debug|Any CPU
		{274AE3E8-1225-43A7-9C44-B2A680214EF1}.Release|Any CPU.ActiveCfg = Release|Any CPU
		{274AE3E8-1225-43A7-9C44-B2A680214EF1}.Release|Any CPU.Build.0 = Release|Any CPU
		{CC52C5DD-729D-4992-A82C-7128FE9EA4C4}.Debug|Any CPU.ActiveCfg = Debug|Any CPU
		{CC52C5DD-729D-4992-A82C-7128FE9EA4C4}.Debug|Any CPU.Build.0 = Debug|Any CPU
		{CC52C5DD-729D-4992-A82C-7128FE9EA4C4}.Release|Any CPU.ActiveCfg = Release|Any CPU
		{CC52C5DD-729D-4992-A82C-7128FE9EA4C4}.Release|Any CPU.Build.0 = Release|Any CPU
		{1EF6EE8A-EADA-4BEE-BAC6-5523F7B7A1FC}.Debug|Any CPU.ActiveCfg = Debug|Any CPU
		{1EF6EE8A-EADA-4BEE-BAC6-5523F7B7A1FC}.Debug|Any CPU.Build.0 = Debug|Any CPU
		{1EF6EE8A-EADA-4BEE-BAC6-5523F7B7A1FC}.Release|Any CPU.ActiveCfg = Release|Any CPU
		{1EF6EE8A-EADA-4BEE-BAC6-5523F7B7A1FC}.Release|Any CPU.Build.0 = Release|Any CPU
		{5771FEBC-B55D-4AB6-9AD1-3E2CA51092CA}.Debug|Any CPU.ActiveCfg = Debug|Any CPU
		{5771FEBC-B55D-4AB6-9AD1-3E2CA51092CA}.Debug|Any CPU.Build.0 = Debug|Any CPU
		{5771FEBC-B55D-4AB6-9AD1-3E2CA51092CA}.Release|Any CPU.ActiveCfg = Release|Any CPU
		{5771FEBC-B55D-4AB6-9AD1-3E2CA51092CA}.Release|Any CPU.Build.0 = Release|Any CPU
	EndGlobalSection
	GlobalSection(SolutionProperties) = preSolution
		HideSolutionNode = FALSE
	EndGlobalSection
	GlobalSection(ExtensibilityGlobals) = postSolution
		SolutionGuid = {2AD85E10-EDFD-41D6-9313-5E66F8247ECE}
	EndGlobalSection
EndGlobal
